
Microsoft Visual Studio Solution File, Format Version 12.00
# Visual Studio Version 17
VisualStudioVersion = 17.3.32929.385
MinimumVisualStudioVersion = 10.0.40219.1
Project("{FAE04EC0-301F-11D3-BF4B-00C04F79EFBC}") = "WebShopAPI", "WebShopAPI\WebShopAPI.csproj", "{71C5732D-DD2C-4C77-B778-6EBF50319F74}"
EndProject
Project("{FAE04EC0-301F-11D3-BF4B-00C04F79EFBC}") = "LibData", "LibData\LibData.csproj", "{1B2B80B7-B2FE-4FC0-AC3C-2F228C59DEB4}"
EndProject
Global
	GlobalSection(SolutionConfigurationPlatforms) = preSolution
		Debug|Any CPU = Debug|Any CPU
		Release|Any CPU = Release|Any CPU
	EndGlobalSection
	GlobalSection(ProjectConfigurationPlatforms) = postSolution
		{71C5732D-DD2C-4C77-B778-6EBF50319F74}.Debug|Any CPU.ActiveCfg = Debug|Any CPU
		{71C5732D-DD2C-4C77-B778-6EBF50319F74}.Debug|Any CPU.Build.0 = Debug|Any CPU
		{71C5732D-DD2C-4C77-B778-6EBF50319F74}.Release|Any CPU.ActiveCfg = Release|Any CPU
		{71C5732D-DD2C-4C77-B778-6EBF50319F74}.Release|Any CPU.Build.0 = Release|Any CPU
		{1B2B80B7-B2FE-4FC0-AC3C-2F228C59DEB4}.Debug|Any CPU.ActiveCfg = Debug|Any CPU
		{1B2B80B7-B2FE-4FC0-AC3C-2F228C59DEB4}.Debug|Any CPU.Build.0 = Debug|Any CPU
		{1B2B80B7-B2FE-4FC0-AC3C-2F228C59DEB4}.Release|Any CPU.ActiveCfg = Release|Any CPU
		{1B2B80B7-B2FE-4FC0-AC3C-2F228C59DEB4}.Release|Any CPU.Build.0 = Release|Any CPU
	EndGlobalSection
	GlobalSection(SolutionProperties) = preSolution
		HideSolutionNode = FALSE
	EndGlobalSection
	GlobalSection(ExtensibilityGlobals) = postSolution
		SolutionGuid = {C1F0A375-CFD3-43DB-9647-86A3CFDA2BD1}
	EndGlobalSection
EndGlobal
